# This file is autogenerated, do not edit; changes may be undone by the next 'dep ensure'.


[[projects]]
  digest = "1:05a5112ebc8c474ab5bec7e83f0a715f2ede630af3ef8d9201c3014940486c96"
  name = "github.com/revdaalex/go-rocket-webhook"
  packages = ["."]
  pruneopts = "UT"
  revision = "a41e69334b1d74b6938435f1ae1057a307769267"
  version = "v1.0.0"

[[projects]]
  digest = "1:b24d38b282bacf9791408a080f606370efa3d364e4b5fd9ba0f7b87786d3b679"
  name = "github.com/urfave/cli"
  packages = ["."]
  pruneopts = "UT"
  revision = "cfb38830724cc34fedffe9a2a29fb54fa9169cd1"
  version = "v1.20.0"

[solve-meta]
  analyzer-name = "dep"
  analyzer-version = 1
  input-imports = [
    "github.com/revdaalex/go-rocket-webhook",
    "github.com/urfave/cli",
  ]
  solver-name = "gps-cdcl"
  solver-version = 1
